
Microsoft Visual Studio Solution File, Format Version 12.00
# Visual Studio 15
VisualStudioVersion = 15.0.27004.2005
MinimumVisualStudioVersion = 10.0.40219.1
Project("{FAE04EC0-301F-11D3-BF4B-00C04F79EFBC}") = "DotNetStandard2._0Vs2017XamarinProject.Android", "DotNetStandard2.0Vs2017XamarinProject\DotNetStandard2._0Vs2017XamarinProject.Android\DotNetStandard2._0Vs2017XamarinProject.Android.csproj", "{18794888-6198-4ADC-960C-2C1671D3B506}"
EndProject
Project("{FAE04EC0-301F-11D3-BF4B-00C04F79EFBC}") = "DotNetStandard2._0Vs2017XamarinProject", "DotNetStandard2.0Vs2017XamarinProject\DotNetStandard2._0Vs2017XamarinProject\DotNetStandard2._0Vs2017XamarinProject.csproj", "{C9447BDB-26C8-478C-A573-3FA425CCC53C}"
EndProject
Project("{FAE04EC0-301F-11D3-BF4B-00C04F79EFBC}") = "DotNetStandard2._0Vs2017XamarinProject.UWP", "DotNetStandard2.0Vs2017XamarinProject\DotNetStandard2._0Vs2017XamarinProject.UWP\DotNetStandard2._0Vs2017XamarinProject.UWP.csproj", "{8E8B0047-D7DD-4CDA-8469-28CA3A53FC68}"
EndProject
Project("{FAE04EC0-301F-11D3-BF4B-00C04F79EFBC}") = "DotNetStandard2._0Vs2017XamarinProject.iOS", "DotNetStandard2.0Vs2017XamarinProject\DotNetStandard2._0Vs2017XamarinProject.iOS\DotNetStandard2._0Vs2017XamarinProject.iOS.csproj", "{A908B4C4-6DA7-4809-9500-B2B5B97815B6}"
EndProject
Global
	GlobalSection(SolutionConfigurationPlatforms) = preSolution
		Ad-Hoc|Any CPU = Ad-Hoc|Any CPU
		Ad-Hoc|ARM = Ad-Hoc|ARM
		Ad-Hoc|iPhone = Ad-Hoc|iPhone
		Ad-Hoc|iPhoneSimulator = Ad-Hoc|iPhoneSimulator
		Ad-Hoc|x64 = Ad-Hoc|x64
		Ad-Hoc|x86 = Ad-Hoc|x86
		AppStore|Any CPU = AppStore|Any CPU
		AppStore|ARM = AppStore|ARM
		AppStore|iPhone = AppStore|iPhone
		AppStore|iPhoneSimulator = AppStore|iPhoneSimulator
		AppStore|x64 = AppStore|x64
		AppStore|x86 = AppStore|x86
		Debug|Any CPU = Debug|Any CPU
		Debug|ARM = Debug|ARM
		Debug|iPhone = Debug|iPhone
		Debug|iPhoneSimulator = Debug|iPhoneSimulator
		Debug|x64 = Debug|x64
		Debug|x86 = Debug|x86
		Release|Any CPU = Release|Any CPU
		Release|ARM = Release|ARM
		Release|iPhone = Release|iPhone
		Release|iPhoneSimulator = Release|iPhoneSimulator
		Release|x64 = Release|x64
		Release|x86 = Release|x86
	EndGlobalSection
	GlobalSection(ProjectConfigurationPlatforms) = postSolution
		{18794888-6198-4ADC-960C-2C1671D3B506}.Ad-Hoc|Any CPU.ActiveCfg = Release|Any CPU
		{18794888-6198-4ADC-960C-2C1671D3B506}.Ad-Hoc|Any CPU.Build.0 = Release|Any CPU
		{18794888-6198-4ADC-960C-2C1671D3B506}.Ad-Hoc|Any CPU.Deploy.0 = Release|Any CPU
		{18794888-6198-4ADC-960C-2C1671D3B506}.Ad-Hoc|ARM.ActiveCfg = Release|Any CPU
		{18794888-6198-4ADC-960C-2C1671D3B506}.Ad-Hoc|ARM.Build.0 = Release|Any CPU
		{18794888-6198-4ADC-960C-2C1671D3B506}.Ad-Hoc|ARM.Deploy.0 = Release|Any CPU
		{18794888-6198-4ADC-960C-2C1671D3B506}.Ad-Hoc|iPhone.ActiveCfg = Release|Any CPU
		{18794888-6198-4ADC-960C-2C1671D3B506}.Ad-Hoc|iPhone.Build.0 = Release|Any CPU
		{18794888-6198-4ADC-960C-2C1671D3B506}.Ad-Hoc|iPhone.Deploy.0 = Release|Any CPU
		{18794888-6198-4ADC-960C-2C1671D3B506}.Ad-Hoc|iPhoneSimulator.ActiveCfg = Release|Any CPU
		{18794888-6198-4ADC-960C-2C1671D3B506}.Ad-Hoc|iPhoneSimulator.Build.0 = Release|Any CPU
		{18794888-6198-4ADC-960C-2C1671D3B506}.Ad-Hoc|iPhoneSimulator.Deploy.0 = Release|Any CPU
		{18794888-6198-4ADC-960C-2C1671D3B506}.Ad-Hoc|x64.ActiveCfg = Release|Any CPU
		{18794888-6198-4ADC-960C-2C1671D3B506}.Ad-Hoc|x64.Build.0 = Release|Any CPU
		{18794888-6198-4ADC-960C-2C1671D3B506}.Ad-Hoc|x64.Deploy.0 = Release|Any CPU
		{18794888-6198-4ADC-960C-2C1671D3B506}.Ad-Hoc|x86.ActiveCfg = Release|Any CPU
		{18794888-6198-4ADC-960C-2C1671D3B506}.Ad-Hoc|x86.Build.0 = Release|Any CPU
		{18794888-6198-4ADC-960C-2C1671D3B506}.Ad-Hoc|x86.Deploy.0 = Release|Any CPU
		{18794888-6198-4ADC-960C-2C1671D3B506}.AppStore|Any CPU.ActiveCfg = Release|Any CPU
		{18794888-6198-4ADC-960C-2C1671D3B506}.AppStore|Any CPU.Build.0 = Release|Any CPU
		{18794888-6198-4ADC-960C-2C1671D3B506}.AppStore|Any CPU.Deploy.0 = Release|Any CPU
		{18794888-6198-4ADC-960C-2C1671D3B506}.AppStore|ARM.ActiveCfg = Release|Any CPU
		{18794888-6198-4ADC-960C-2C1671D3B506}.AppStore|ARM.Build.0 = Release|Any CPU
		{18794888-6198-4ADC-960C-2C1671D3B506}.AppStore|ARM.Deploy.0 = Release|Any CPU
		{18794888-6198-4ADC-960C-2C1671D3B506}.AppStore|iPhone.ActiveCfg = Release|Any CPU
		{18794888-6198-4ADC-960C-2C1671D3B506}.AppStore|iPhone.Build.0 = Release|Any CPU
		{18794888-6198-4ADC-960C-2C1671D3B506}.AppStore|iPhone.Deploy.0 = Release|Any CPU
		{18794888-6198-4ADC-960C-2C1671D3B506}.AppStore|iPhoneSimulator.ActiveCfg = Release|Any CPU
		{18794888-6198-4ADC-960C-2C1671D3B506}.AppStore|iPhoneSimulator.Build.0 = Release|Any CPU
		{18794888-6198-4ADC-960C-2C1671D3B506}.AppStore|iPhoneSimulator.Deploy.0 = Release|Any CPU
		{18794888-6198-4ADC-960C-2C1671D3B506}.AppStore|x64.ActiveCfg = Release|Any CPU
		{18794888-6198-4ADC-960C-2C1671D3B506}.AppStore|x64.Build.0 = Release|Any CPU
		{18794888-6198-4ADC-960C-2C1671D3B506}.AppStore|x64.Deploy.0 = Release|Any CPU
		{18794888-6198-4ADC-960C-2C1671D3B506}.AppStore|x86.ActiveCfg = Release|Any CPU
		{18794888-6198-4ADC-960C-2C1671D3B506}.AppStore|x86.Build.0 = Release|Any CPU
		{18794888-6198-4ADC-960C-2C1671D3B506}.AppStore|x86.Deploy.0 = Release|Any CPU
		{18794888-6198-4ADC-960C-2C1671D3B506}.Debug|Any CPU.ActiveCfg = Debug|Any CPU
		{18794888-6198-4ADC-960C-2C1671D3B506}.Debug|Any CPU.Build.0 = Debug|Any CPU
		{18794888-6198-4ADC-960C-2C1671D3B506}.Debug|Any CPU.Deploy.0 = Debug|Any CPU
		{18794888-6198-4ADC-960C-2C1671D3B506}.Debug|ARM.ActiveCfg = Debug|Any CPU
		{18794888-6198-4ADC-960C-2C1671D3B506}.Debug|ARM.Build.0 = Debug|Any CPU
		{18794888-6198-4ADC-960C-2C1671D3B506}.Debug|ARM.Deploy.0 = Debug|Any CPU
		{18794888-6198-4ADC-960C-2C1671D3B506}.Debug|iPhone.ActiveCfg = Debug|Any CPU
		{18794888-6198-4ADC-960C-2C1671D3B506}.Debug|iPhone.Build.0 = Debug|Any CPU
		{18794888-6198-4ADC-960C-2C1671D3B506}.Debug|iPhone.Deploy.0 = Debug|Any CPU
		{18794888-6198-4ADC-960C-2C1671D3B506}.Debug|iPhoneSimulator.ActiveCfg = Debug|Any CPU
		{18794888-6198-4ADC-960C-2C1671D3B506}.Debug|iPhoneSimulator.Build.0 = Debug|Any CPU
		{18794888-6198-4ADC-960C-2C1671D3B506}.Debug|iPhoneSimulator.Deploy.0 = Debug|Any CPU
		{18794888-6198-4ADC-960C-2C1671D3B506}.Debug|x64.ActiveCfg = Debug|Any CPU
		{18794888-6198-4ADC-960C-2C1671D3B506}.Debug|x64.Build.0 = Debug|Any CPU
		{18794888-6198-4ADC-960C-2C1671D3B506}.Debug|x64.Deploy.0 = Debug|Any CPU
		{18794888-6198-4ADC-960C-2C1671D3B506}.Debug|x86.ActiveCfg = Debug|Any CPU
		{18794888-6198-4ADC-960C-2C1671D3B506}.Debug|x86.Build.0 = Debug|Any CPU
		{18794888-6198-4ADC-960C-2C1671D3B506}.Debug|x86.Deploy.0 = Debug|Any CPU
		{18794888-6198-4ADC-960C-2C1671D3B506}.Release|Any CPU.ActiveCfg = Release|Any CPU
		{18794888-6198-4ADC-960C-2C1671D3B506}.Release|Any CPU.Build.0 = Release|Any CPU
		{18794888-6198-4ADC-960C-2C1671D3B506}.Release|Any CPU.Deploy.0 = Release|Any CPU
		{18794888-6198-4ADC-960C-2C1671D3B506}.Release|ARM.ActiveCfg = Release|Any CPU
		{18794888-6198-4ADC-960C-2C1671D3B506}.Release|ARM.Build.0 = Release|Any CPU
		{18794888-6198-4ADC-960C-2C1671D3B506}.Release|ARM.Deploy.0 = Release|Any CPU
		{18794888-6198-4ADC-960C-2C1671D3B506}.Release|iPhone.ActiveCfg = Release|Any CPU
		{18794888-6198-4ADC-960C-2C1671D3B506}.Release|iPhone.Build.0 = Release|Any CPU
		{18794888-6198-4ADC-960C-2C1671D3B506}.Release|iPhone.Deploy.0 = Release|Any CPU
		{18794888-6198-4ADC-960C-2C1671D3B506}.Release|iPhoneSimulator.ActiveCfg = Release|Any CPU
		{18794888-6198-4ADC-960C-2C1671D3B506}.Release|iPhoneSimulator.Build.0 = Release|Any CPU
		{18794888-6198-4ADC-960C-2C1671D3B506}.Release|iPhoneSimulator.Deploy.0 = Release|Any CPU
		{18794888-6198-4ADC-960C-2C1671D3B506}.Release|x64.ActiveCfg = Release|Any CPU
		{18794888-6198-4ADC-960C-2C1671D3B506}.Release|x64.Build.0 = Release|Any CPU
		{18794888-6198-4ADC-960C-2C1671D3B506}.Release|x64.Deploy.0 = Release|Any CPU
		{18794888-6198-4ADC-960C-2C1671D3B506}.Release|x86.ActiveCfg = Release|Any CPU
		{18794888-6198-4ADC-960C-2C1671D3B506}.Release|x86.Build.0 = Release|Any CPU
		{18794888-6198-4ADC-960C-2C1671D3B506}.Release|x86.Deploy.0 = Release|Any CPU
		{C9447BDB-26C8-478C-A573-3FA425CCC53C}.Ad-Hoc|Any CPU.ActiveCfg = Release|Any CPU
		{C9447BDB-26C8-478C-A573-3FA425CCC53C}.Ad-Hoc|Any CPU.Build.0 = Release|Any CPU
		{C9447BDB-26C8-478C-A573-3FA425CCC53C}.Ad-Hoc|ARM.ActiveCfg = Release|Any CPU
		{C9447BDB-26C8-478C-A573-3FA425CCC53C}.Ad-Hoc|ARM.Build.0 = Release|Any CPU
		{C9447BDB-26C8-478C-A573-3FA425CCC53C}.Ad-Hoc|iPhone.ActiveCfg = Release|Any CPU
		{C9447BDB-26C8-478C-A573-3FA425CCC53C}.Ad-Hoc|iPhone.Build.0 = Release|Any CPU
		{C9447BDB-26C8-478C-A573-3FA425CCC53C}.Ad-Hoc|iPhoneSimulator.ActiveCfg = Release|Any CPU
		{C9447BDB-26C8-478C-A573-3FA425CCC53C}.Ad-Hoc|iPhoneSimulator.Build.0 = Release|Any CPU
		{C9447BDB-26C8-478C-A573-3FA425CCC53C}.Ad-Hoc|x64.ActiveCfg = Release|Any CPU
		{C9447BDB-26C8-478C-A573-3FA425CCC53C}.Ad-Hoc|x64.Build.0 = Release|Any CPU
		{C9447BDB-26C8-478C-A573-3FA425CCC53C}.Ad-Hoc|x86.ActiveCfg = Release|Any CPU
		{C9447BDB-26C8-478C-A573-3FA425CCC53C}.Ad-Hoc|x86.Build.0 = Release|Any CPU
		{C9447BDB-26C8-478C-A573-3FA425CCC53C}.AppStore|Any CPU.ActiveCfg = Release|Any CPU
		{C9447BDB-26C8-478C-A573-3FA425CCC53C}.AppStore|Any CPU.Build.0 = Release|Any CPU
		{C9447BDB-26C8-478C-A573-3FA425CCC53C}.AppStore|ARM.ActiveCfg = Release|Any CPU
		{C9447BDB-26C8-478C-A573-3FA425CCC53C}.AppStore|ARM.Build.0 = Release|Any CPU
		{C9447BDB-26C8-478C-A573-3FA425CCC53C}.AppStore|iPhone.ActiveCfg = Release|Any CPU
		{C9447BDB-26C8-478C-A573-3FA425CCC53C}.AppStore|iPhone.Build.0 = Release|Any CPU
		{C9447BDB-26C8-478C-A573-3FA425CCC53C}.AppStore|iPhoneSimulator.ActiveCfg = Release|Any CPU
		{C9447BDB-26C8-478C-A573-3FA425CCC53C}.AppStore|iPhoneSimulator.Build.0 = Release|Any CPU
		{C9447BDB-26C8-478C-A573-3FA425CCC53C}.AppStore|x64.ActiveCfg = Release|Any CPU
		{C9447BDB-26C8-478C-A573-3FA425CCC53C}.AppStore|x64.Build.0 = Release|Any CPU
		{C9447BDB-26C8-478C-A573-3FA425CCC53C}.AppStore|x86.ActiveCfg = Release|Any CPU
		{C9447BDB-26C8-478C-A573-3FA425CCC53C}.AppStore|x86.Build.0 = Release|Any CPU
		{C9447BDB-26C8-478C-A573-3FA425CCC53C}.Debug|Any CPU.ActiveCfg = Debug|Any CPU
		{C9447BDB-26C8-478C-A573-3FA425CCC53C}.Debug|Any CPU.Build.0 = Debug|Any CPU
		{C9447BDB-26C8-478C-A573-3FA425CCC53C}.Debug|ARM.ActiveCfg = Debug|Any CPU
		{C9447BDB-26C8-478C-A573-3FA425CCC53C}.Debug|ARM.Build.0 = Debug|Any CPU
		{C9447BDB-26C8-478C-A573-3FA425CCC53C}.Debug|iPhone.ActiveCfg = Debug|Any CPU
		{C9447BDB-26C8-478C-A573-3FA425CCC53C}.Debug|iPhone.Build.0 = Debug|Any CPU
		{C9447BDB-26C8-478C-A573-3FA425CCC53C}.Debug|iPhoneSimulator.ActiveCfg = Debug|Any CPU
		{C9447BDB-26C8-478C-A573-3FA425CCC53C}.Debug|iPhoneSimulator.Build.0 = Debug|Any CPU
		{C9447BDB-26C8-478C-A573-3FA425CCC53C}.Debug|x64.ActiveCfg = Debug|Any CPU
		{C9447BDB-26C8-478C-A573-3FA425CCC53C}.Debug|x64.Build.0 = Debug|Any CPU
		{C9447BDB-26C8-478C-A573-3FA425CCC53C}.Debug|x86.ActiveCfg = Debug|Any CPU
		{C9447BDB-26C8-478C-A573-3FA425CCC53C}.Debug|x86.Build.0 = Debug|Any CPU
		{C9447BDB-26C8-478C-A573-3FA425CCC53C}.Release|Any CPU.ActiveCfg = Release|Any CPU
		{C9447BDB-26C8-478C-A573-3FA425CCC53C}.Release|Any CPU.Build.0 = Release|Any CPU
		{C9447BDB-26C8-478C-A573-3FA425CCC53C}.Release|ARM.ActiveCfg = Release|Any CPU
		{C9447BDB-26C8-478C-A573-3FA425CCC53C}.Release|ARM.Build.0 = Release|Any CPU
		{C9447BDB-26C8-478C-A573-3FA425CCC53C}.Release|iPhone.ActiveCfg = Release|Any CPU
		{C9447BDB-26C8-478C-A573-3FA425CCC53C}.Release|iPhone.Build.0 = Release|Any CPU
		{C9447BDB-26C8-478C-A573-3FA425CCC53C}.Release|iPhoneSimulator.ActiveCfg = Release|Any CPU
		{C9447BDB-26C8-478C-A573-3FA425CCC53C}.Release|iPhoneSimulator.Build.0 = Release|Any CPU
		{C9447BDB-26C8-478C-A573-3FA425CCC53C}.Release|x64.ActiveCfg = Release|Any CPU
		{C9447BDB-26C8-478C-A573-3FA425CCC53C}.Release|x64.Build.0 = Release|Any CPU
		{C9447BDB-26C8-478C-A573-3FA425CCC53C}.Release|x86.ActiveCfg = Release|Any CPU
		{C9447BDB-26C8-478C-A573-3FA425CCC53C}.Release|x86.Build.0 = Release|Any CPU
		{8E8B0047-D7DD-4CDA-8469-28CA3A53FC68}.Ad-Hoc|Any CPU.ActiveCfg = Release|x86
		{8E8B0047-D7DD-4CDA-8469-28CA3A53FC68}.Ad-Hoc|Any CPU.Build.0 = Release|x86
		{8E8B0047-D7DD-4CDA-8469-28CA3A53FC68}.Ad-Hoc|Any CPU.Deploy.0 = Release|x86
		{8E8B0047-D7DD-4CDA-8469-28CA3A53FC68}.Ad-Hoc|ARM.ActiveCfg = Release|ARM
		{8E8B0047-D7DD-4CDA-8469-28CA3A53FC68}.Ad-Hoc|ARM.Build.0 = Release|ARM
		{8E8B0047-D7DD-4CDA-8469-28CA3A53FC68}.Ad-Hoc|ARM.Deploy.0 = Release|ARM
		{8E8B0047-D7DD-4CDA-8469-28CA3A53FC68}.Ad-Hoc|iPhone.ActiveCfg = Release|x86
		{8E8B0047-D7DD-4CDA-8469-28CA3A53FC68}.Ad-Hoc|iPhone.Build.0 = Release|x86
		{8E8B0047-D7DD-4CDA-8469-28CA3A53FC68}.Ad-Hoc|iPhone.Deploy.0 = Release|x86
		{8E8B0047-D7DD-4CDA-8469-28CA3A53FC68}.Ad-Hoc|iPhoneSimulator.ActiveCfg = Release|x86
		{8E8B0047-D7DD-4CDA-8469-28CA3A53FC68}.Ad-Hoc|iPhoneSimulator.Build.0 = Release|x86
		{8E8B0047-D7DD-4CDA-8469-28CA3A53FC68}.Ad-Hoc|iPhoneSimulator.Deploy.0 = Release|x86
		{8E8B0047-D7DD-4CDA-8469-28CA3A53FC68}.Ad-Hoc|x64.ActiveCfg = Release|x64
		{8E8B0047-D7DD-4CDA-8469-28CA3A53FC68}.Ad-Hoc|x64.Build.0 = Release|x64
		{8E8B0047-D7DD-4CDA-8469-28CA3A53FC68}.Ad-Hoc|x64.Deploy.0 = Release|x64
		{8E8B0047-D7DD-4CDA-8469-28CA3A53FC68}.Ad-Hoc|x86.ActiveCfg = Release|x86
		{8E8B0047-D7DD-4CDA-8469-28CA3A53FC68}.Ad-Hoc|x86.Build.0 = Release|x86
		{8E8B0047-D7DD-4CDA-8469-28CA3A53FC68}.Ad-Hoc|x86.Deploy.0 = Release|x86
		{8E8B0047-D7DD-4CDA-8469-28CA3A53FC68}.AppStore|Any CPU.ActiveCfg = Release|x86
		{8E8B0047-D7DD-4CDA-8469-28CA3A53FC68}.AppStore|Any CPU.Build.0 = Release|x86
		{8E8B0047-D7DD-4CDA-8469-28CA3A53FC68}.AppStore|Any CPU.Deploy.0 = Release|x86
		{8E8B0047-D7DD-4CDA-8469-28CA3A53FC68}.AppStore|ARM.ActiveCfg = Release|ARM
		{8E8B0047-D7DD-4CDA-8469-28CA3A53FC68}.AppStore|ARM.Build.0 = Release|ARM
		{8E8B0047-D7DD-4CDA-8469-28CA3A53FC68}.AppStore|ARM.Deploy.0 = Release|ARM
		{8E8B0047-D7DD-4CDA-8469-28CA3A53FC68}.AppStore|iPhone.ActiveCfg = Release|x86
		{8E8B0047-D7DD-4CDA-8469-28CA3A53FC68}.AppStore|iPhone.Build.0 = Release|x86
		{8E8B0047-D7DD-4CDA-8469-28CA3A53FC68}.AppStore|iPhone.Deploy.0 = Release|x86
		{8E8B0047-D7DD-4CDA-8469-28CA3A53FC68}.AppStore|iPhoneSimulator.ActiveCfg = Release|x86
		{8E8B0047-D7DD-4CDA-8469-28CA3A53FC68}.AppStore|iPhoneSimulator.Build.0 = Release|x86
		{8E8B0047-D7DD-4CDA-8469-28CA3A53FC68}.AppStore|iPhoneSimulator.Deploy.0 = Release|x86
		{8E8B0047-D7DD-4CDA-8469-28CA3A53FC68}.AppStore|x64.ActiveCfg = Release|x64
		{8E8B0047-D7DD-4CDA-8469-28CA3A53FC68}.AppStore|x64.Build.0 = Release|x64
		{8E8B0047-D7DD-4CDA-8469-28CA3A53FC68}.AppStore|x64.Deploy.0 = Release|x64
		{8E8B0047-D7DD-4CDA-8469-28CA3A53FC68}.AppStore|x86.ActiveCfg = Release|x86
		{8E8B0047-D7DD-4CDA-8469-28CA3A53FC68}.AppStore|x86.Build.0 = Release|x86
		{8E8B0047-D7DD-4CDA-8469-28CA3A53FC68}.AppStore|x86.Deploy.0 = Release|x86
		{8E8B0047-D7DD-4CDA-8469-28CA3A53FC68}.Debug|Any CPU.ActiveCfg = Debug|x86
		{8E8B0047-D7DD-4CDA-8469-28CA3A53FC68}.Debug|ARM.ActiveCfg = Debug|ARM
		{8E8B0047-D7DD-4CDA-8469-28CA3A53FC68}.Debug|ARM.Build.0 = Debug|ARM
		{8E8B0047-D7DD-4CDA-8469-28CA3A53FC68}.Debug|ARM.Deploy.0 = Debug|ARM
		{8E8B0047-D7DD-4CDA-8469-28CA3A53FC68}.Debug|iPhone.ActiveCfg = Debug|x86
		{8E8B0047-D7DD-4CDA-8469-28CA3A53FC68}.Debug|iPhoneSimulator.ActiveCfg = Debug|x86
		{8E8B0047-D7DD-4CDA-8469-28CA3A53FC68}.Debug|x64.ActiveCfg = Debug|x64
		{8E8B0047-D7DD-4CDA-8469-28CA3A53FC68}.Debug|x64.Build.0 = Debug|x64
		{8E8B0047-D7DD-4CDA-8469-28CA3A53FC68}.Debug|x64.Deploy.0 = Debug|x64
		{8E8B0047-D7DD-4CDA-8469-28CA3A53FC68}.Debug|x86.ActiveCfg = Debug|x86
		{8E8B0047-D7DD-4CDA-8469-28CA3A53FC68}.Debug|x86.Build.0 = Debug|x86
		{8E8B0047-D7DD-4CDA-8469-28CA3A53FC68}.Debug|x86.Deploy.0 = Debug|x86
		{8E8B0047-D7DD-4CDA-8469-28CA3A53FC68}.Release|Any CPU.ActiveCfg = Release|x86
		{8E8B0047-D7DD-4CDA-8469-28CA3A53FC68}.Release|ARM.ActiveCfg = Release|ARM
		{8E8B0047-D7DD-4CDA-8469-28CA3A53FC68}.Release|ARM.Build.0 = Release|ARM
		{8E8B0047-D7DD-4CDA-8469-28CA3A53FC68}.Release|ARM.Deploy.0 = Release|ARM
		{8E8B0047-D7DD-4CDA-8469-28CA3A53FC68}.Release|iPhone.ActiveCfg = Release|x86
		{8E8B0047-D7DD-4CDA-8469-28CA3A53FC68}.Release|iPhoneSimulator.ActiveCfg = Release|x86
		{8E8B0047-D7DD-4CDA-8469-28CA3A53FC68}.Release|x64.ActiveCfg = Release|x64
		{8E8B0047-D7DD-4CDA-8469-28CA3A53FC68}.Release|x64.Build.0 = Release|x64
		{8E8B0047-D7DD-4CDA-8469-28CA3A53FC68}.Release|x64.Deploy.0 = Release|x64
		{8E8B0047-D7DD-4CDA-8469-28CA3A53FC68}.Release|x86.ActiveCfg = Release|x86
		{8E8B0047-D7DD-4CDA-8469-28CA3A53FC68}.Release|x86.Build.0 = Release|x86
		{8E8B0047-D7DD-4CDA-8469-28CA3A53FC68}.Release|x86.Deploy.0 = Release|x86
		{A908B4C4-6DA7-4809-9500-B2B5B97815B6}.Ad-Hoc|Any CPU.ActiveCfg = Ad-Hoc|iPhoneSimulator
		{A908B4C4-6DA7-4809-9500-B2B5B97815B6}.Ad-Hoc|ARM.ActiveCfg = Ad-Hoc|iPhone
		{A908B4C4-6DA7-4809-9500-B2B5B97815B6}.Ad-Hoc|iPhone.ActiveCfg = Ad-Hoc|iPhone
		{A908B4C4-6DA7-4809-9500-B2B5B97815B6}.Ad-Hoc|iPhone.Build.0 = Ad-Hoc|iPhone
		{A908B4C4-6DA7-4809-9500-B2B5B97815B6}.Ad-Hoc|iPhoneSimulator.ActiveCfg = Ad-Hoc|iPhoneSimulator
		{A908B4C4-6DA7-4809-9500-B2B5B97815B6}.Ad-Hoc|iPhoneSimulator.Build.0 = Ad-Hoc|iPhoneSimulator
		{A908B4C4-6DA7-4809-9500-B2B5B97815B6}.Ad-Hoc|x64.ActiveCfg = Ad-Hoc|iPhone
		{A908B4C4-6DA7-4809-9500-B2B5B97815B6}.Ad-Hoc|x86.ActiveCfg = Ad-Hoc|iPhone
		{A908B4C4-6DA7-4809-9500-B2B5B97815B6}.AppStore|Any CPU.ActiveCfg = AppStore|iPhoneSimulator
		{A908B4C4-6DA7-4809-9500-B2B5B97815B6}.AppStore|ARM.ActiveCfg = AppStore|iPhone
		{A908B4C4-6DA7-4809-9500-B2B5B97815B6}.AppStore|iPhone.ActiveCfg = AppStore|iPhone
		{A908B4C4-6DA7-4809-9500-B2B5B97815B6}.AppStore|iPhone.Build.0 = AppStore|iPhone
		{A908B4C4-6DA7-4809-9500-B2B5B97815B6}.AppStore|iPhoneSimulator.ActiveCfg = AppStore|iPhoneSimulator
		{A908B4C4-6DA7-4809-9500-B2B5B97815B6}.AppStore|iPhoneSimulator.Build.0 = AppStore|iPhoneSimulator
		{A908B4C4-6DA7-4809-9500-B2B5B97815B6}.AppStore|x64.ActiveCfg = AppStore|iPhone
		{A908B4C4-6DA7-4809-9500-B2B5B97815B6}.AppStore|x86.ActiveCfg = AppStore|iPhone
		{A908B4C4-6DA7-4809-9500-B2B5B97815B6}.Debug|Any CPU.ActiveCfg = Debug|iPhoneSimulator
		{A908B4C4-6DA7-4809-9500-B2B5B97815B6}.Debug|ARM.ActiveCfg = Debug|iPhone
		{A908B4C4-6DA7-4809-9500-B2B5B97815B6}.Debug|iPhone.ActiveCfg = Debug|iPhone
		{A908B4C4-6DA7-4809-9500-B2B5B97815B6}.Debug|iPhone.Build.0 = Debug|iPhone
		{A908B4C4-6DA7-4809-9500-B2B5B97815B6}.Debug|iPhoneSimulator.ActiveCfg = Debug|iPhoneSimulator
		{A908B4C4-6DA7-4809-9500-B2B5B97815B6}.Debug|iPhoneSimulator.Build.0 = Debug|iPhoneSimulator
		{A908B4C4-6DA7-4809-9500-B2B5B97815B6}.Debug|x64.ActiveCfg = Debug|iPhone
		{A908B4C4-6DA7-4809-9500-B2B5B97815B6}.Debug|x86.ActiveCfg = Debug|iPhone
		{A908B4C4-6DA7-4809-9500-B2B5B97815B6}.Release|Any CPU.ActiveCfg = Release|iPhoneSimulator
		{A908B4C4-6DA7-4809-9500-B2B5B97815B6}.Release|ARM.ActiveCfg = Release|iPhone
		{A908B4C4-6DA7-4809-9500-B2B5B97815B6}.Release|iPhone.ActiveCfg = Release|iPhone
		{A908B4C4-6DA7-4809-9500-B2B5B97815B6}.Release|iPhone.Build.0 = Release|iPhone
		{A908B4C4-6DA7-4809-9500-B2B5B97815B6}.Release|iPhoneSimulator.ActiveCfg = Release|iPhoneSimulator
		{A908B4C4-6DA7-4809-9500-B2B5B97815B6}.Release|iPhoneSimulator.Build.0 = Release|iPhoneSimulator
		{A908B4C4-6DA7-4809-9500-B2B5B97815B6}.Release|x64.ActiveCfg = Release|iPhone
		{A908B4C4-6DA7-4809-9500-B2B5B97815B6}.Release|x86.ActiveCfg = Release|iPhone
	EndGlobalSection
	GlobalSection(SolutionProperties) = preSolution
		HideSolutionNode = FALSE
	EndGlobalSection
	GlobalSection(ExtensibilityGlobals) = postSolution
		SolutionGuid = {BD73AC39-1747-40C2-98A9-834AB5FB8CCA}
	EndGlobalSection
EndGlobal
